
Microsoft Visual Studio Solution File, Format Version 12.00
# Visual Studio Version 17
VisualStudioVersion = 17.4.33110.190
MinimumVisualStudioVersion = 10.0.40219.1
Project("{FAE04EC0-301F-11D3-BF4B-00C04F79EFBC}") = "BISFormat", "BISFormat\BISFormat.csproj", "{A706D373-B73B-42CE-B2E7-2352584BCB2E}"
EndProject
Global
	GlobalSection(SolutionConfigurationPlatforms) = preSolution
		Debug|Any CPU = Debug|Any CPU
		Release|Any CPU = Release|Any CPU
	EndGlobalSection
	GlobalSection(ProjectConfigurationPlatforms) = postSolution
		{A706D373-B73B-42CE-B2E7-2352584BCB2E}.Debug|Any CPU.ActiveCfg = Debug|Any CPU
		{A706D373-B73B-42CE-B2E7-2352584BCB2E}.Debug|Any CPU.Build.0 = Debug|Any CPU
		{A706D373-B73B-42CE-B2E7-2352584BCB2E}.Release|Any CPU.ActiveCfg = Release|Any CPU
		{A706D373-B73B-42CE-B2E7-2352584BCB2E}.Release|Any CPU.Build.0 = Release|Any CPU
	EndGlobalSection
	GlobalSection(SolutionProperties) = preSolution
		HideSolutionNode = FALSE
	EndGlobalSection
	GlobalSection(ExtensibilityGlobals) = postSolution
		SolutionGuid = {C5D4FA41-8C5D-47D0-841E-B7FFEDC41BDB}
	EndGlobalSection
EndGlobal
